
Microsoft Visual Studio Solution File, Format Version 12.00
# Visual Studio Version 17
VisualStudioVersion = 17.14.36518.9
MinimumVisualStudioVersion = 10.0.40219.1
Project("{FAE04EC0-301F-11D3-BF4B-00C04F79EFBC}") = "Design Patterns", "Design Patterns\Design Patterns.csproj", "{3E78071D-C31A-4C66-B608-84F07D483452}"
EndProject
Project("{FAE04EC0-301F-11D3-BF4B-00C04F79EFBC}") = "SimUDuck", "SimUDuck\SimUDuck.csproj", "{3C423209-D575-48F2-94C2-43CF34522BD1}"
EndProject
Project("{FAE04EC0-301F-11D3-BF4B-00C04F79EFBC}") = "ObserverPattern", "ObserverPattern\ObserverPattern.csproj", "{9F11B86D-5673-4931-B421-2EC6CBEA830D}"
EndProject
Project("{FAE04EC0-301F-11D3-BF4B-00C04F79EFBC}") = "DecoratorPattern", "DecoratorPattern\DecoratorPattern.csproj", "{6A003C72-0A67-4048-8034-247FDEE3D0DA}"
EndProject
Project("{FAE04EC0-301F-11D3-BF4B-00C04F79EFBC}") = "SimpleFactoryMethod", "FactoryMethod\SimpleFactoryMethod.csproj", "{41D936EF-81C4-4290-99DC-300EA1A3D279}"
EndProject
Project("{FAE04EC0-301F-11D3-BF4B-00C04F79EFBC}") = "FactoryMethod", "FactoryMethod\FactoryMethod.csproj", "{4FF7B38B-7745-47EC-8C0E-6CFA80D866E4}"
EndProject
Project("{FAE04EC0-301F-11D3-BF4B-00C04F79EFBC}") = "SingletonPattern", "SingletonPattern\SingletonPattern.csproj", "{D5A6F174-7550-48C5-9C94-8171456D2198}"
EndProject
Project("{FAE04EC0-301F-11D3-BF4B-00C04F79EFBC}") = "CommandPattern", "CommandPattern\CommandPattern.csproj", "{43FB5155-81F0-4370-807B-693B4943F159}"
EndProject
Global
	GlobalSection(SolutionConfigurationPlatforms) = preSolution
		Debug|Any CPU = Debug|Any CPU
		Release|Any CPU = Release|Any CPU
	EndGlobalSection
	GlobalSection(ProjectConfigurationPlatforms) = postSolution
		{3E78071D-C31A-4C66-B608-84F07D483452}.Debug|Any CPU.ActiveCfg = Debug|Any CPU
		{3E78071D-C31A-4C66-B608-84F07D483452}.Debug|Any CPU.Build.0 = Debug|Any CPU
		{3E78071D-C31A-4C66-B608-84F07D483452}.Release|Any CPU.ActiveCfg = Release|Any CPU
		{3E78071D-C31A-4C66-B608-84F07D483452}.Release|Any CPU.Build.0 = Release|Any CPU
		{3C423209-D575-48F2-94C2-43CF34522BD1}.Debug|Any CPU.ActiveCfg = Debug|Any CPU
		{3C423209-D575-48F2-94C2-43CF34522BD1}.Debug|Any CPU.Build.0 = Debug|Any CPU
		{3C423209-D575-48F2-94C2-43CF34522BD1}.Release|Any CPU.ActiveCfg = Release|Any CPU
		{3C423209-D575-48F2-94C2-43CF34522BD1}.Release|Any CPU.Build.0 = Release|Any CPU
		{9F11B86D-5673-4931-B421-2EC6CBEA830D}.Debug|Any CPU.ActiveCfg = Debug|Any CPU
		{9F11B86D-5673-4931-B421-2EC6CBEA830D}.Debug|Any CPU.Build.0 = Debug|Any CPU
		{9F11B86D-5673-4931-B421-2EC6CBEA830D}.Release|Any CPU.ActiveCfg = Release|Any CPU
		{9F11B86D-5673-4931-B421-2EC6CBEA830D}.Release|Any CPU.Build.0 = Release|Any CPU
		{6A003C72-0A67-4048-8034-247FDEE3D0DA}.Debug|Any CPU.ActiveCfg = Debug|Any CPU
		{6A003C72-0A67-4048-8034-247FDEE3D0DA}.Debug|Any CPU.Build.0 = Debug|Any CPU
		{6A003C72-0A67-4048-8034-247FDEE3D0DA}.Release|Any CPU.ActiveCfg = Release|Any CPU
		{6A003C72-0A67-4048-8034-247FDEE3D0DA}.Release|Any CPU.Build.0 = Release|Any CPU
		{41D936EF-81C4-4290-99DC-300EA1A3D279}.Debug|Any CPU.ActiveCfg = Debug|Any CPU
		{41D936EF-81C4-4290-99DC-300EA1A3D279}.Debug|Any CPU.Build.0 = Debug|Any CPU
		{41D936EF-81C4-4290-99DC-300EA1A3D279}.Release|Any CPU.ActiveCfg = Release|Any CPU
		{41D936EF-81C4-4290-99DC-300EA1A3D279}.Release|Any CPU.Build.0 = Release|Any CPU
		{4FF7B38B-7745-47EC-8C0E-6CFA80D866E4}.Debug|Any CPU.ActiveCfg = Debug|Any CPU
		{4FF7B38B-7745-47EC-8C0E-6CFA80D866E4}.Debug|Any CPU.Build.0 = Debug|Any CPU
		{4FF7B38B-7745-47EC-8C0E-6CFA80D866E4}.Release|Any CPU.ActiveCfg = Release|Any CPU
		{4FF7B38B-7745-47EC-8C0E-6CFA80D866E4}.Release|Any CPU.Build.0 = Release|Any CPU
		{D5A6F174-7550-48C5-9C94-8171456D2198}.Debug|Any CPU.ActiveCfg = Debug|Any CPU
		{D5A6F174-7550-48C5-9C94-8171456D2198}.Debug|Any CPU.Build.0 = Debug|Any CPU
		{D5A6F174-7550-48C5-9C94-8171456D2198}.Release|Any CPU.ActiveCfg = Release|Any CPU
		{D5A6F174-7550-48C5-9C94-8171456D2198}.Release|Any CPU.Build.0 = Release|Any CPU
		{43FB5155-81F0-4370-807B-693B4943F159}.Debug|Any CPU.ActiveCfg = Debug|Any CPU
		{43FB5155-81F0-4370-807B-693B4943F159}.Debug|Any CPU.Build.0 = Debug|Any CPU
		{43FB5155-81F0-4370-807B-693B4943F159}.Release|Any CPU.ActiveCfg = Release|Any CPU
		{43FB5155-81F0-4370-807B-693B4943F159}.Release|Any CPU.Build.0 = Release|Any CPU
	EndGlobalSection
	GlobalSection(SolutionProperties) = preSolution
		HideSolutionNode = FALSE
	EndGlobalSection
	GlobalSection(ExtensibilityGlobals) = postSolution
		SolutionGuid = {0551B544-69E5-4BE0-8167-25CB767EC836}
	EndGlobalSection
EndGlobal
